
Microsoft Visual Studio Solution File, Format Version 12.00
# Visual Studio 15
VisualStudioVersion = 15.0.28307.572
MinimumVisualStudioVersion = 10.0.40219.1
Project("{FAE04EC0-301F-11D3-BF4B-00C04F79EFBC}") = "Assignment_1", "Assignment_1.csproj", "{5E182B82-FC6A-4E4F-AEAE-724A3B4C545D}"
EndProject
Global
	GlobalSection(SolutionConfigurationPlatforms) = preSolution
		Debug|Any CPU = Debug|Any CPU
		Release|Any CPU = Release|Any CPU
	EndGlobalSection
	GlobalSection(ProjectConfigurationPlatforms) = postSolution
		{5E182B82-FC6A-4E4F-AEAE-724A3B4C545D}.Debug|Any CPU.ActiveCfg = Debug|Any CPU
		{5E182B82-FC6A-4E4F-AEAE-724A3B4C545D}.Debug|Any CPU.Build.0 = Debug|Any CPU
		{5E182B82-FC6A-4E4F-AEAE-724A3B4C545D}.Release|Any CPU.ActiveCfg = Release|Any CPU
		{5E182B82-FC6A-4E4F-AEAE-724A3B4C545D}.Release|Any CPU.Build.0 = Release|Any CPU
	EndGlobalSection
	GlobalSection(SolutionProperties) = preSolution
		HideSolutionNode = FALSE
	EndGlobalSection
	GlobalSection(ExtensibilityGlobals) = postSolution
		SolutionGuid = {38332E40-2F09-47AA-98C7-5CA5D424CECB}
	EndGlobalSection
EndGlobal
